
Microsoft Visual Studio Solution File, Format Version 12.00
# Visual Studio 15
VisualStudioVersion = 15.0.28010.2036
MinimumVisualStudioVersion = 10.0.40219.1
Project("{9A19103F-16F7-4668-BE54-9A1E7A4F7556}") = "WebApi", "DotNetCoreHelloWorld\WebApi.csproj", "{F793EF58-D846-432C-B9C0-7D12B2ECACAE}"
EndProject
Project("{FAE04EC0-301F-11D3-BF4B-00C04F79EFBC}") = "UnitTests", "UnitTests\UnitTests.csproj", "{A912D11B-BCBF-4901-9944-7E7A0C55AAF8}"
EndProject
Project("{FAE04EC0-301F-11D3-BF4B-00C04F79EFBC}") = "Implementation", "Implementation\Implementation.csproj", "{CED71A12-EFB4-460D-A221-51152E1FDC2C}"
EndProject
Global
	GlobalSection(SolutionConfigurationPlatforms) = preSolution
		Debug|Any CPU = Debug|Any CPU
		Release|Any CPU = Release|Any CPU
	EndGlobalSection
	GlobalSection(ProjectConfigurationPlatforms) = postSolution
		{F793EF58-D846-432C-B9C0-7D12B2ECACAE}.Debug|Any CPU.ActiveCfg = Debug|Any CPU
		{F793EF58-D846-432C-B9C0-7D12B2ECACAE}.Debug|Any CPU.Build.0 = Debug|Any CPU
		{F793EF58-D846-432C-B9C0-7D12B2ECACAE}.Release|Any CPU.ActiveCfg = Release|Any CPU
		{F793EF58-D846-432C-B9C0-7D12B2ECACAE}.Release|Any CPU.Build.0 = Release|Any CPU
		{A912D11B-BCBF-4901-9944-7E7A0C55AAF8}.Debug|Any CPU.ActiveCfg = Debug|Any CPU
		{A912D11B-BCBF-4901-9944-7E7A0C55AAF8}.Debug|Any CPU.Build.0 = Debug|Any CPU
		{A912D11B-BCBF-4901-9944-7E7A0C55AAF8}.Release|Any CPU.ActiveCfg = Release|Any CPU
		{A912D11B-BCBF-4901-9944-7E7A0C55AAF8}.Release|Any CPU.Build.0 = Release|Any CPU
		{CED71A12-EFB4-460D-A221-51152E1FDC2C}.Debug|Any CPU.ActiveCfg = Debug|Any CPU
		{CED71A12-EFB4-460D-A221-51152E1FDC2C}.Debug|Any CPU.Build.0 = Debug|Any CPU
		{CED71A12-EFB4-460D-A221-51152E1FDC2C}.Release|Any CPU.ActiveCfg = Release|Any CPU
		{CED71A12-EFB4-460D-A221-51152E1FDC2C}.Release|Any CPU.Build.0 = Release|Any CPU
	EndGlobalSection
	GlobalSection(SolutionProperties) = preSolution
		HideSolutionNode = FALSE
	EndGlobalSection
	GlobalSection(ExtensibilityGlobals) = postSolution
		SolutionGuid = {3EDC031B-CD21-40CC-98CC-31883D7DC616}
	EndGlobalSection
EndGlobal
